
Microsoft Visual Studio Solution File, Format Version 12.00
# Visual Studio Version 16
VisualStudioVersion = 16.0.30907.101
MinimumVisualStudioVersion = 10.0.40219.1
Project("{FAE04EC0-301F-11D3-BF4B-00C04F79EFBC}") = "Lists", "Lists.csproj", "{D9E3C2F5-56C3-43E8-9B25-CD29B2665BDD}"
EndProject
Global
	GlobalSection(SolutionConfigurationPlatforms) = preSolution
		Debug|Any CPU = Debug|Any CPU
		Release|Any CPU = Release|Any CPU
	EndGlobalSection
	GlobalSection(ProjectConfigurationPlatforms) = postSolution
		{D9E3C2F5-56C3-43E8-9B25-CD29B2665BDD}.Debug|Any CPU.ActiveCfg = Debug|Any CPU
		{D9E3C2F5-56C3-43E8-9B25-CD29B2665BDD}.Debug|Any CPU.Build.0 = Debug|Any CPU
		{D9E3C2F5-56C3-43E8-9B25-CD29B2665BDD}.Release|Any CPU.ActiveCfg = Release|Any CPU
		{D9E3C2F5-56C3-43E8-9B25-CD29B2665BDD}.Release|Any CPU.Build.0 = Release|Any CPU
	EndGlobalSection
	GlobalSection(SolutionProperties) = preSolution
		HideSolutionNode = FALSE
	EndGlobalSection
	GlobalSection(ExtensibilityGlobals) = postSolution
		SolutionGuid = {1E434064-0D8C-41AA-80D3-96BE738F9F32}
	EndGlobalSection
EndGlobal
